// !$*UTF8*$!
{
	archiveVersion = 1;
	classes = {
	};
	objectVersion = 51;
	objects = {

/* Begin PBXBuildFile section */
		4A4462ABD201867855092D4C /* Pods_APIpractice2Tests.framework in Frameworks */ = {isa = PBXBuildFile; fileRef = 88E0736EC17D2D02A5C89749 /* Pods_APIpractice2Tests.framework */; };
		5903C466239A4B4400841106 /* QiitaArticleViewController.storyboard in Resources */ = {isa = PBXBuildFile; fileRef = 5903C465239A4B4400841106 /* QiitaArticleViewController.storyboard */; };
		5903C468239A5C4E00841106 /* QiitaViewController.storyboard in Resources */ = {isa = PBXBuildFile; fileRef = 5903C467239A5C4E00841106 /* QiitaViewController.storyboard */; };
		5903C46A239A5D2100841106 /* GoogleApiViewController.storyboard in Resources */ = {isa = PBXBuildFile; fileRef = 5903C469239A5D2100841106 /* GoogleApiViewController.storyboard */; };
		5903C46E239A5F0000841106 /* QiitaApi.swift in Sources */ = {isa = PBXBuildFile; fileRef = 5903C46D239A5F0000841106 /* QiitaApi.swift */; };
		5903C476239A63EB00841106 /* GoogleApi.swift in Sources */ = {isa = PBXBuildFile; fileRef = 5903C475239A63EB00841106 /* GoogleApi.swift */; };
		5903C479239A658E00841106 /* QiitaData.swift in Sources */ = {isa = PBXBuildFile; fileRef = 5903C478239A658E00841106 /* QiitaData.swift */; };
		5903C47B239A65B000841106 /* GoogleData.swift in Sources */ = {isa = PBXBuildFile; fileRef = 5903C47A239A65B000841106 /* GoogleData.swift */; };
		5903C47D239A68D800841106 /* TableViewUtil.swift in Sources */ = {isa = PBXBuildFile; fileRef = 5903C47C239A68D800841106 /* TableViewUtil.swift */; };
		5913448523960E0B001F9862 /* AppDelegate.swift in Sources */ = {isa = PBXBuildFile; fileRef = 5913448423960E0B001F9862 /* AppDelegate.swift */; };
		5913448723960E0B001F9862 /* SceneDelegate.swift in Sources */ = {isa = PBXBuildFile; fileRef = 5913448623960E0B001F9862 /* SceneDelegate.swift */; };
		5913448923960E0B001F9862 /* QiitaViewController.swift in Sources */ = {isa = PBXBuildFile; fileRef = 5913448823960E0B001F9862 /* QiitaViewController.swift */; };
		5913448E23960E0B001F9862 /* Assets.xcassets in Resources */ = {isa = PBXBuildFile; fileRef = 5913448D23960E0B001F9862 /* Assets.xcassets */; };
		5913449123960E0B001F9862 /* LaunchScreen.storyboard in Resources */ = {isa = PBXBuildFile; fileRef = 5913448F23960E0B001F9862 /* LaunchScreen.storyboard */; };
		5913449C23960E0B001F9862 /* APIpractice2Tests.swift in Sources */ = {isa = PBXBuildFile; fileRef = 5913449B23960E0B001F9862 /* APIpractice2Tests.swift */; };
		591344A723960E0B001F9862 /* APIpractice2UITests.swift in Sources */ = {isa = PBXBuildFile; fileRef = 591344A623960E0B001F9862 /* APIpractice2UITests.swift */; };
		591344B62396294C001F9862 /* QiitaApiCell1.swift in Sources */ = {isa = PBXBuildFile; fileRef = 591344B42396294C001F9862 /* QiitaApiCell1.swift */; };
		591344B72396294C001F9862 /* QiitaApiCell1.xib in Resources */ = {isa = PBXBuildFile; fileRef = 591344B52396294C001F9862 /* QiitaApiCell1.xib */; };
		59926EA023D82F39009301D2 /* FavoriteArticlesViewController.swift in Sources */ = {isa = PBXBuildFile; fileRef = 59926E9F23D82F39009301D2 /* FavoriteArticlesViewController.swift */; };
		59926EA223D82F5D009301D2 /* FavoriteArticlesViewController.storyboard in Resources */ = {isa = PBXBuildFile; fileRef = 59926EA123D82F5D009301D2 /* FavoriteArticlesViewController.storyboard */; };
		59DA61B7239FAC4E0064367E /* GoogleDataSource.swift in Sources */ = {isa = PBXBuildFile; fileRef = 59DA61B6239FAC4E0064367E /* GoogleDataSource.swift */; };
		59E7F72D23AC7CC600293B93 /* GoogleViewModel.swift in Sources */ = {isa = PBXBuildFile; fileRef = 59E7F72C23AC7CC600293B93 /* GoogleViewModel.swift */; };
		59E7F73023AC7EB400293B93 /* GoogleRepository.swift in Sources */ = {isa = PBXBuildFile; fileRef = 59E7F72F23AC7EB400293B93 /* GoogleRepository.swift */; };
		59F34B9323975DD500CEAD1C /* QiitaArticleViewController.swift in Sources */ = {isa = PBXBuildFile; fileRef = 59F34B9223975DD500CEAD1C /* QiitaArticleViewController.swift */; };
		59F34B9623979D2500CEAD1C /* QiitaApiCell2.swift in Sources */ = {isa = PBXBuildFile; fileRef = 59F34B9423979D2500CEAD1C /* QiitaApiCell2.swift */; };
		59F34B9723979D2500CEAD1C /* QiitaApiCell2.xib in Resources */ = {isa = PBXBuildFile; fileRef = 59F34B9523979D2500CEAD1C /* QiitaApiCell2.xib */; };
		59F34B992397C4C000CEAD1C /* GoogleApiViewController.swift in Sources */ = {isa = PBXBuildFile; fileRef = 59F34B982397C4C000CEAD1C /* GoogleApiViewController.swift */; };
		59F34B9C2397C52C00CEAD1C /* GoogleApiCell.swift in Sources */ = {isa = PBXBuildFile; fileRef = 59F34B9A2397C52C00CEAD1C /* GoogleApiCell.swift */; };
		59F34B9D2397C52C00CEAD1C /* GoogleApiCell.xib in Resources */ = {isa = PBXBuildFile; fileRef = 59F34B9B2397C52C00CEAD1C /* GoogleApiCell.xib */; };
		670254CC239B5B3A00C0B0CA /* Main.swift in Sources */ = {isa = PBXBuildFile; fileRef = 670254CB239B5B3A00C0B0CA /* Main.swift */; };
		670254CE239B5B5500C0B0CA /* Main.storyboard in Resources */ = {isa = PBXBuildFile; fileRef = 670254CD239B5B5500C0B0CA /* Main.storyboard */; };
		9F5D9ED176692A06773FF760 /* Pods_APIpractice2.framework in Frameworks */ = {isa = PBXBuildFile; fileRef = 6301FF2C98242B5ACB84C3D7 /* Pods_APIpractice2.framework */; };
		BC9DBC9353A091DE5C3DB87A /* Pods_APIpractice2UITests.framework in Frameworks */ = {isa = PBXBuildFile; fileRef = 93C5FD1A503DC609049284F5 /* Pods_APIpractice2UITests.framework */; };
/* End PBXBuildFile section */

/* Begin PBXContainerItemProxy section */
		5913449823960E0B001F9862 /* PBXContainerItemProxy */ = {
			isa = PBXContainerItemProxy;
			containerPortal = 5913447923960E0A001F9862 /* Project object */;
			proxyType = 1;
			remoteGlobalIDString = 5913448023960E0A001F9862;
			remoteInfo = APIpractice2;
		};
		591344A323960E0B001F9862 /* PBXContainerItemProxy */ = {
			isa = PBXContainerItemProxy;
			containerPortal = 5913447923960E0A001F9862 /* Project object */;
			proxyType = 1;
			remoteGlobalIDString = 5913448023960E0A001F9862;
			remoteInfo = APIpractice2;
		};
/* End PBXContainerItemProxy section */

/* Begin PBXFileReference section */
		0E04FBF7FDE23F3220E88428 /* Pods-APIpractice2.debug.xcconfig */ = {isa = PBXFileReference; includeInIndex = 1; lastKnownFileType = text.xcconfig; name = "Pods-APIpractice2.debug.xcconfig"; path = "Target Support Files/Pods-APIpractice2/Pods-APIpractice2.debug.xcconfig"; sourceTree = "<group>"; };
		5903C465239A4B4400841106 /* QiitaArticleViewController.storyboard */ = {isa = PBXFileReference; lastKnownFileType = file.storyboard; path = QiitaArticleViewController.storyboard; sourceTree = "<group>"; };
		5903C467239A5C4E00841106 /* QiitaViewController.storyboard */ = {isa = PBXFileReference; lastKnownFileType = file.storyboard; path = QiitaViewController.storyboard; sourceTree = "<group>"; };
		5903C469239A5D2100841106 /* GoogleApiViewController.storyboard */ = {isa = PBXFileReference; lastKnownFileType = file.storyboard; path = GoogleApiViewController.storyboard; sourceTree = "<group>"; };
		5903C46D239A5F0000841106 /* QiitaApi.swift */ = {isa = PBXFileReference; lastKnownFileType = sourcecode.swift; path = QiitaApi.swift; sourceTree = "<group>"; };
		5903C475239A63EB00841106 /* GoogleApi.swift */ = {isa = PBXFileReference; lastKnownFileType = sourcecode.swift; path = GoogleApi.swift; sourceTree = "<group>"; };
		5903C478239A658E00841106 /* QiitaData.swift */ = {isa = PBXFileReference; lastKnownFileType = sourcecode.swift; path = QiitaData.swift; sourceTree = "<group>"; };
		5903C47A239A65B000841106 /* GoogleData.swift */ = {isa = PBXFileReference; lastKnownFileType = sourcecode.swift; path = GoogleData.swift; sourceTree = "<group>"; };
		5903C47C239A68D800841106 /* TableViewUtil.swift */ = {isa = PBXFileReference; lastKnownFileType = sourcecode.swift; path = TableViewUtil.swift; sourceTree = "<group>"; };
		5913448123960E0A001F9862 /* APIpractice2.app */ = {isa = PBXFileReference; explicitFileType = wrapper.application; includeInIndex = 0; path = APIpractice2.app; sourceTree = BUILT_PRODUCTS_DIR; };
		5913448423960E0B001F9862 /* AppDelegate.swift */ = {isa = PBXFileReference; lastKnownFileType = sourcecode.swift; path = AppDelegate.swift; sourceTree = "<group>"; };
		5913448623960E0B001F9862 /* SceneDelegate.swift */ = {isa = PBXFileReference; lastKnownFileType = sourcecode.swift; path = SceneDelegate.swift; sourceTree = "<group>"; };
		5913448823960E0B001F9862 /* QiitaViewController.swift */ = {isa = PBXFileReference; lastKnownFileType = sourcecode.swift; path = QiitaViewController.swift; sourceTree = "<group>"; };
		5913448D23960E0B001F9862 /* Assets.xcassets */ = {isa = PBXFileReference; lastKnownFileType = folder.assetcatalog; path = Assets.xcassets; sourceTree = "<group>"; };
		5913449023960E0B001F9862 /* Base */ = {isa = PBXFileReference; lastKnownFileType = file.storyboard; name = Base; path = Base.lproj/LaunchScreen.storyboard; sourceTree = "<group>"; };
		5913449223960E0B001F9862 /* Info.plist */ = {isa = PBXFileReference; lastKnownFileType = text.plist.xml; path = Info.plist; sourceTree = "<group>"; };
		5913449723960E0B001F9862 /* APIpractice2Tests.xctest */ = {isa = PBXFileReference; explicitFileType = wrapper.cfbundle; includeInIndex = 0; path = APIpractice2Tests.xctest; sourceTree = BUILT_PRODUCTS_DIR; };
		5913449B23960E0B001F9862 /* APIpractice2Tests.swift */ = {isa = PBXFileReference; lastKnownFileType = sourcecode.swift; path = APIpractice2Tests.swift; sourceTree = "<group>"; };
		5913449D23960E0B001F9862 /* Info.plist */ = {isa = PBXFileReference; lastKnownFileType = text.plist.xml; path = Info.plist; sourceTree = "<group>"; };
		591344A223960E0B001F9862 /* APIpractice2UITests.xctest */ = {isa = PBXFileReference; explicitFileType = wrapper.cfbundle; includeInIndex = 0; path = APIpractice2UITests.xctest; sourceTree = BUILT_PRODUCTS_DIR; };
		591344A623960E0B001F9862 /* APIpractice2UITests.swift */ = {isa = PBXFileReference; lastKnownFileType = sourcecode.swift; path = APIpractice2UITests.swift; sourceTree = "<group>"; };
		591344A823960E0B001F9862 /* Info.plist */ = {isa = PBXFileReference; lastKnownFileType = text.plist.xml; path = Info.plist; sourceTree = "<group>"; };
		591344B42396294C001F9862 /* QiitaApiCell1.swift */ = {isa = PBXFileReference; lastKnownFileType = sourcecode.swift; path = QiitaApiCell1.swift; sourceTree = "<group>"; };
		591344B52396294C001F9862 /* QiitaApiCell1.xib */ = {isa = PBXFileReference; lastKnownFileType = file.xib; path = QiitaApiCell1.xib; sourceTree = "<group>"; };
		59926E9F23D82F39009301D2 /* FavoriteArticlesViewController.swift */ = {isa = PBXFileReference; lastKnownFileType = sourcecode.swift; path = FavoriteArticlesViewController.swift; sourceTree = "<group>"; };
		59926EA123D82F5D009301D2 /* FavoriteArticlesViewController.storyboard */ = {isa = PBXFileReference; lastKnownFileType = file.storyboard; path = FavoriteArticlesViewController.storyboard; sourceTree = "<group>"; };
		59DA61B6239FAC4E0064367E /* GoogleDataSource.swift */ = {isa = PBXFileReference; lastKnownFileType = sourcecode.swift; path = GoogleDataSource.swift; sourceTree = "<group>"; };
		59E7F72C23AC7CC600293B93 /* GoogleViewModel.swift */ = {isa = PBXFileReference; lastKnownFileType = sourcecode.swift; path = GoogleViewModel.swift; sourceTree = "<group>"; };
		59E7F72F23AC7EB400293B93 /* GoogleRepository.swift */ = {isa = PBXFileReference; lastKnownFileType = sourcecode.swift; path = GoogleRepository.swift; sourceTree = "<group>"; };
		59F34B9223975DD500CEAD1C /* QiitaArticleViewController.swift */ = {isa = PBXFileReference; lastKnownFileType = sourcecode.swift; path = QiitaArticleViewController.swift; sourceTree = "<group>"; };
		59F34B9423979D2500CEAD1C /* QiitaApiCell2.swift */ = {isa = PBXFileReference; lastKnownFileType = sourcecode.swift; path = QiitaApiCell2.swift; sourceTree = "<group>"; };
		59F34B9523979D2500CEAD1C /* QiitaApiCell2.xib */ = {isa = PBXFileReference; lastKnownFileType = file.xib; path = QiitaApiCell2.xib; sourceTree = "<group>"; };
		59F34B982397C4C000CEAD1C /* GoogleApiViewController.swift */ = {isa = PBXFileReference; lastKnownFileType = sourcecode.swift; path = GoogleApiViewController.swift; sourceTree = "<group>"; };
		59F34B9A2397C52C00CEAD1C /* GoogleApiCell.swift */ = {isa = PBXFileReference; lastKnownFileType = sourcecode.swift; path = GoogleApiCell.swift; sourceTree = "<group>"; };
		59F34B9B2397C52C00CEAD1C /* GoogleApiCell.xib */ = {isa = PBXFileReference; lastKnownFileType = file.xib; path = GoogleApiCell.xib; sourceTree = "<group>"; };
		5B3C278E45770C8D6CAB2448 /* Pods-APIpractice2.release.xcconfig */ = {isa = PBXFileReference; includeInIndex = 1; lastKnownFileType = text.xcconfig; name = "Pods-APIpractice2.release.xcconfig"; path = "Target Support Files/Pods-APIpractice2/Pods-APIpractice2.release.xcconfig"; sourceTree = "<group>"; };
		6301FF2C98242B5ACB84C3D7 /* Pods_APIpractice2.framework */ = {isa = PBXFileReference; explicitFileType = wrapper.framework; includeInIndex = 0; path = Pods_APIpractice2.framework; sourceTree = BUILT_PRODUCTS_DIR; };
		670254CB239B5B3A00C0B0CA /* Main.swift */ = {isa = PBXFileReference; fileEncoding = 4; lastKnownFileType = sourcecode.swift; name = Main.swift; path = View/Main.swift; sourceTree = "<group>"; };
		670254CD239B5B5500C0B0CA /* Main.storyboard */ = {isa = PBXFileReference; fileEncoding = 4; lastKnownFileType = file.storyboard; name = Main.storyboard; path = View/Main.storyboard; sourceTree = "<group>"; };
		877AE336248A912BFD1026DC /* Pods-APIpractice2Tests.debug.xcconfig */ = {isa = PBXFileReference; includeInIndex = 1; lastKnownFileType = text.xcconfig; name = "Pods-APIpractice2Tests.debug.xcconfig"; path = "Target Support Files/Pods-APIpractice2Tests/Pods-APIpractice2Tests.debug.xcconfig"; sourceTree = "<group>"; };
		88E0736EC17D2D02A5C89749 /* Pods_APIpractice2Tests.framework */ = {isa = PBXFileReference; explicitFileType = wrapper.framework; includeInIndex = 0; path = Pods_APIpractice2Tests.framework; sourceTree = BUILT_PRODUCTS_DIR; };
		93C5FD1A503DC609049284F5 /* Pods_APIpractice2UITests.framework */ = {isa = PBXFileReference; explicitFileType = wrapper.framework; includeInIndex = 0; path = Pods_APIpractice2UITests.framework; sourceTree = BUILT_PRODUCTS_DIR; };
		E8AFE5832C84B72820B2CB62 /* Pods-APIpractice2UITests.release.xcconfig */ = {isa = PBXFileReference; includeInIndex = 1; lastKnownFileType = text.xcconfig; name = "Pods-APIpractice2UITests.release.xcconfig"; path = "Target Support Files/Pods-APIpractice2UITests/Pods-APIpractice2UITests.release.xcconfig"; sourceTree = "<group>"; };
		EE1949D2821DE09FCCD501A0 /* Pods-APIpractice2UITests.debug.xcconfig */ = {isa = PBXFileReference; includeInIndex = 1; lastKnownFileType = text.xcconfig; name = "Pods-APIpractice2UITests.debug.xcconfig"; path = "Target Support Files/Pods-APIpractice2UITests/Pods-APIpractice2UITests.debug.xcconfig"; sourceTree = "<group>"; };
		FE7226A588FCAF8776C937F2 /* Pods-APIpractice2Tests.release.xcconfig */ = {isa = PBXFileReference; includeInIndex = 1; lastKnownFileType = text.xcconfig; name = "Pods-APIpractice2Tests.release.xcconfig"; path = "Target Support Files/Pods-APIpractice2Tests/Pods-APIpractice2Tests.release.xcconfig"; sourceTree = "<group>"; };
/* End PBXFileReference section */

/* Begin PBXFrameworksBuildPhase section */
		5913447E23960E0A001F9862 /* Frameworks */ = {
			isa = PBXFrameworksBuildPhase;
			buildActionMask = 2147483647;
			files = (
				9F5D9ED176692A06773FF760 /* Pods_APIpractice2.framework in Frameworks */,
			);
			runOnlyForDeploymentPostprocessing = 0;
		};
		5913449423960E0B001F9862 /* Frameworks */ = {
			isa = PBXFrameworksBuildPhase;
			buildActionMask = 2147483647;
			files = (
				4A4462ABD201867855092D4C /* Pods_APIpractice2Tests.framework in Frameworks */,
			);
			runOnlyForDeploymentPostprocessing = 0;
		};
		5913449F23960E0B001F9862 /* Frameworks */ = {
			isa = PBXFrameworksBuildPhase;
			buildActionMask = 2147483647;
			files = (
				BC9DBC9353A091DE5C3DB87A /* Pods_APIpractice2UITests.framework in Frameworks */,
			);
			runOnlyForDeploymentPostprocessing = 0;
		};
/* End PBXFrameworksBuildPhase section */

/* Begin PBXGroup section */
		5903C471239A605600841106 /* View */ = {
			isa = PBXGroup;
			children = (
				5913448823960E0B001F9862 /* QiitaViewController.swift */,
				5903C467239A5C4E00841106 /* QiitaViewController.storyboard */,
				59F34B9223975DD500CEAD1C /* QiitaArticleViewController.swift */,
				5903C465239A4B4400841106 /* QiitaArticleViewController.storyboard */,
				591344B42396294C001F9862 /* QiitaApiCell1.swift */,
				591344B52396294C001F9862 /* QiitaApiCell1.xib */,
				59F34B9423979D2500CEAD1C /* QiitaApiCell2.swift */,
				59F34B9523979D2500CEAD1C /* QiitaApiCell2.xib */,
			);
			name = View;
			path = ../View;
			sourceTree = "<group>";
		};
		5903C472239A60EB00841106 /* API */ = {
			isa = PBXGroup;
			children = (
				5903C46D239A5F0000841106 /* QiitaApi.swift */,
			);
			name = API;
			path = ../API;
			sourceTree = "<group>";
		};
		5903C477239A650900841106 /* Entity */ = {
			isa = PBXGroup;
			children = (
				5903C478239A658E00841106 /* QiitaData.swift */,
			);
			name = Entity;
			path = ../Entity;
			sourceTree = "<group>";
		};
		5913447823960E0A001F9862 = {
			isa = PBXGroup;
			children = (
				5913448323960E0B001F9862 /* APIpractice2 */,
				5913449A23960E0B001F9862 /* APIpractice2Tests */,
				591344A523960E0B001F9862 /* APIpractice2UITests */,
				5913448223960E0A001F9862 /* Products */,
				A2D47B2A192B94764A74199F /* Pods */,
				85128A378B9F3F03CB5ED4DE /* Frameworks */,
			);
			sourceTree = "<group>";
		};
		5913448223960E0A001F9862 /* Products */ = {
			isa = PBXGroup;
			children = (
				5913448123960E0A001F9862 /* APIpractice2.app */,
				5913449723960E0B001F9862 /* APIpractice2Tests.xctest */,
				591344A223960E0B001F9862 /* APIpractice2UITests.xctest */,
			);
			name = Products;
			sourceTree = "<group>";
		};
		5913448323960E0B001F9862 /* APIpractice2 */ = {
			isa = PBXGroup;
			children = (
				5913448423960E0B001F9862 /* AppDelegate.swift */,
				5913448623960E0B001F9862 /* SceneDelegate.swift */,
				670254CB239B5B3A00C0B0CA /* Main.swift */,
				670254CD239B5B5500C0B0CA /* Main.storyboard */,
				59A5F4F923D825A400039029 /* GoogleSearch */,
				59926E9E23D82C34009301D2 /* Qiita */,
				5903C47C239A68D800841106 /* TableViewUtil.swift */,
				5913448D23960E0B001F9862 /* Assets.xcassets */,
				5913448F23960E0B001F9862 /* LaunchScreen.storyboard */,
				5913449223960E0B001F9862 /* Info.plist */,
			);
			path = APIpractice2;
			sourceTree = "<group>";
		};
		5913449A23960E0B001F9862 /* APIpractice2Tests */ = {
			isa = PBXGroup;
			children = (
				5913449B23960E0B001F9862 /* APIpractice2Tests.swift */,
				5913449D23960E0B001F9862 /* Info.plist */,
			);
			path = APIpractice2Tests;
			sourceTree = "<group>";
		};
		591344A523960E0B001F9862 /* APIpractice2UITests */ = {
			isa = PBXGroup;
			children = (
				591344A623960E0B001F9862 /* APIpractice2UITests.swift */,
				591344A823960E0B001F9862 /* Info.plist */,
			);
			path = APIpractice2UITests;
			sourceTree = "<group>";
		};
		59926E9E23D82C34009301D2 /* Qiita */ = {
			isa = PBXGroup;
			children = (
				5903C472239A60EB00841106 /* API */,
				5903C477239A650900841106 /* Entity */,
				5903C471239A605600841106 /* View */,
			);
			path = Qiita;
			sourceTree = "<group>";
		};
		59A5F4F923D825A400039029 /* GoogleSearch */ = {
			isa = PBXGroup;
			children = (
				59A5F4FA23D826A500039029 /* API */,
				59A5F50023D8271B00039029 /* Repository */,
				59A5F50123D8273D00039029 /* Entity */,
				59A5F50223D8275400039029 /* Model */,
				59A5F50323D827D100039029 /* ViewModel */,
				59A5F50423D827D900039029 /* View */,
			);
			path = GoogleSearch;
			sourceTree = "<group>";
		};
		59A5F4FA23D826A500039029 /* API */ = {
			isa = PBXGroup;
			children = (
				5903C475239A63EB00841106 /* GoogleApi.swift */,
			);
			path = API;
			sourceTree = "<group>";
		};
		59A5F50023D8271B00039029 /* Repository */ = {
			isa = PBXGroup;
			children = (
				59E7F72F23AC7EB400293B93 /* GoogleRepository.swift */,
			);
			path = Repository;
			sourceTree = "<group>";
		};
		59A5F50123D8273D00039029 /* Entity */ = {
			isa = PBXGroup;
			children = (
				5903C47A239A65B000841106 /* GoogleData.swift */,
			);
			path = Entity;
			sourceTree = "<group>";
		};
		59A5F50223D8275400039029 /* Model */ = {
			isa = PBXGroup;
			children = (
				59DA61B6239FAC4E0064367E /* GoogleDataSource.swift */,
			);
			path = Model;
			sourceTree = "<group>";
		};
		59A5F50323D827D100039029 /* ViewModel */ = {
			isa = PBXGroup;
			children = (
				59E7F72C23AC7CC600293B93 /* GoogleViewModel.swift */,
			);
			path = ViewModel;
			sourceTree = "<group>";
		};
		59A5F50423D827D900039029 /* View */ = {
			isa = PBXGroup;
			children = (
				59F34B982397C4C000CEAD1C /* GoogleApiViewController.swift */,
				5903C469239A5D2100841106 /* GoogleApiViewController.storyboard */,
				59F34B9A2397C52C00CEAD1C /* GoogleApiCell.swift */,
				59F34B9B2397C52C00CEAD1C /* GoogleApiCell.xib */,
				59926E9F23D82F39009301D2 /* FavoriteArticlesViewController.swift */,
				59926EA123D82F5D009301D2 /* FavoriteArticlesViewController.storyboard */,
			);
			path = View;
			sourceTree = "<group>";
		};
		85128A378B9F3F03CB5ED4DE /* Frameworks */ = {
			isa = PBXGroup;
			children = (
				6301FF2C98242B5ACB84C3D7 /* Pods_APIpractice2.framework */,
				88E0736EC17D2D02A5C89749 /* Pods_APIpractice2Tests.framework */,
				93C5FD1A503DC609049284F5 /* Pods_APIpractice2UITests.framework */,
			);
			name = Frameworks;
			sourceTree = "<group>";
		};
		A2D47B2A192B94764A74199F /* Pods */ = {
			isa = PBXGroup;
			children = (
				0E04FBF7FDE23F3220E88428 /* Pods-APIpractice2.debug.xcconfig */,
				5B3C278E45770C8D6CAB2448 /* Pods-APIpractice2.release.xcconfig */,
				877AE336248A912BFD1026DC /* Pods-APIpractice2Tests.debug.xcconfig */,
				FE7226A588FCAF8776C937F2 /* Pods-APIpractice2Tests.release.xcconfig */,
				EE1949D2821DE09FCCD501A0 /* Pods-APIpractice2UITests.debug.xcconfig */,
				E8AFE5832C84B72820B2CB62 /* Pods-APIpractice2UITests.release.xcconfig */,
			);
			path = Pods;
			sourceTree = "<group>";
		};
/* End PBXGroup section */

/* Begin PBXNativeTarget section */
		5913448023960E0A001F9862 /* APIpractice2 */ = {
			isa = PBXNativeTarget;
			buildConfigurationList = 591344AB23960E0B001F9862 /* Build configuration list for PBXNativeTarget "APIpractice2" */;
			buildPhases = (
				738F05E7FE81B0E173C29700 /* [CP] Check Pods Manifest.lock */,
				5913447D23960E0A001F9862 /* Sources */,
				5913447E23960E0A001F9862 /* Frameworks */,
				5913447F23960E0A001F9862 /* Resources */,
				41B5F2ABC7A23A7EB9523A86 /* [CP] Embed Pods Frameworks */,
			);
			buildRules = (
			);
			dependencies = (
			);
			name = APIpractice2;
			productName = APIpractice2;
			productReference = 5913448123960E0A001F9862 /* APIpractice2.app */;
			productType = "com.apple.product-type.application";
		};
		5913449623960E0B001F9862 /* APIpractice2Tests */ = {
			isa = PBXNativeTarget;
			buildConfigurationList = 591344AE23960E0B001F9862 /* Build configuration list for PBXNativeTarget "APIpractice2Tests" */;
			buildPhases = (
				E644BCF0088ECF6AE94D45CC /* [CP] Check Pods Manifest.lock */,
				5913449323960E0B001F9862 /* Sources */,
				5913449423960E0B001F9862 /* Frameworks */,
				5913449523960E0B001F9862 /* Resources */,
			);
			buildRules = (
			);
			dependencies = (
				5913449923960E0B001F9862 /* PBXTargetDependency */,
			);
			name = APIpractice2Tests;
			productName = APIpractice2Tests;
			productReference = 5913449723960E0B001F9862 /* APIpractice2Tests.xctest */;
			productType = "com.apple.product-type.bundle.unit-test";
		};
		591344A123960E0B001F9862 /* APIpractice2UITests */ = {
			isa = PBXNativeTarget;
			buildConfigurationList = 591344B123960E0B001F9862 /* Build configuration list for PBXNativeTarget "APIpractice2UITests" */;
			buildPhases = (
				4CCE60F53FD3609FCC6C6445 /* [CP] Check Pods Manifest.lock */,
				5913449E23960E0B001F9862 /* Sources */,
				5913449F23960E0B001F9862 /* Frameworks */,
				591344A023960E0B001F9862 /* Resources */,
			);
			buildRules = (
			);
			dependencies = (
				591344A423960E0B001F9862 /* PBXTargetDependency */,
			);
			name = APIpractice2UITests;
			productName = APIpractice2UITests;
			productReference = 591344A223960E0B001F9862 /* APIpractice2UITests.xctest */;
			productType = "com.apple.product-type.bundle.ui-testing";
		};
/* End PBXNativeTarget section */

/* Begin PBXProject section */
		5913447923960E0A001F9862 /* Project object */ = {
			isa = PBXProject;
			attributes = {
				LastSwiftUpdateCheck = 1120;
				LastUpgradeCheck = 1120;
				ORGANIZATIONNAME = "深瀬 貴将";
				TargetAttributes = {
					5913448023960E0A001F9862 = {
						CreatedOnToolsVersion = 11.2.1;
					};
					5913449623960E0B001F9862 = {
						CreatedOnToolsVersion = 11.2.1;
						TestTargetID = 5913448023960E0A001F9862;
					};
					591344A123960E0B001F9862 = {
						CreatedOnToolsVersion = 11.2.1;
						TestTargetID = 5913448023960E0A001F9862;
					};
				};
			};
			buildConfigurationList = 5913447C23960E0A001F9862 /* Build configuration list for PBXProject "APIpractice2" */;
			compatibilityVersion = "Xcode 9.3";
			developmentRegion = en;
			hasScannedForEncodings = 0;
			knownRegions = (
				en,
				Base,
			);
			mainGroup = 5913447823960E0A001F9862;
			productRefGroup = 5913448223960E0A001F9862 /* Products */;
			projectDirPath = "";
			projectRoot = "";
			targets = (
				5913448023960E0A001F9862 /* APIpractice2 */,
				5913449623960E0B001F9862 /* APIpractice2Tests */,
				591344A123960E0B001F9862 /* APIpractice2UITests */,
			);
		};
/* End PBXProject section */

/* Begin PBXResourcesBuildPhase section */
		5913447F23960E0A001F9862 /* Resources */ = {
			isa = PBXResourcesBuildPhase;
			buildActionMask = 2147483647;
			files = (
				59926EA223D82F5D009301D2 /* FavoriteArticlesViewController.storyboard in Resources */,
				59F34B9D2397C52C00CEAD1C /* GoogleApiCell.xib in Resources */,
				670254CE239B5B5500C0B0CA /* Main.storyboard in Resources */,
				59F34B9723979D2500CEAD1C /* QiitaApiCell2.xib in Resources */,
				5913449123960E0B001F9862 /* LaunchScreen.storyboard in Resources */,
				591344B72396294C001F9862 /* QiitaApiCell1.xib in Resources */,
				5913448E23960E0B001F9862 /* Assets.xcassets in Resources */,
				5903C466239A4B4400841106 /* QiitaArticleViewController.storyboard in Resources */,
				5903C468239A5C4E00841106 /* QiitaViewController.storyboard in Resources */,
				5903C46A239A5D2100841106 /* GoogleApiViewController.storyboard in Resources */,
			);
			runOnlyForDeploymentPostprocessing = 0;
		};
		5913449523960E0B001F9862 /* Resources */ = {
			isa = PBXResourcesBuildPhase;
			buildActionMask = 2147483647;
			files = (
			);
			runOnlyForDeploymentPostprocessing = 0;
		};
		591344A023960E0B001F9862 /* Resources */ = {
			isa = PBXResourcesBuildPhase;
			buildActionMask = 2147483647;
			files = (
			);
			runOnlyForDeploymentPostprocessing = 0;
		};
/* End PBXResourcesBuildPhase section */

/* Begin PBXShellScriptBuildPhase section */
		41B5F2ABC7A23A7EB9523A86 /* [CP] Embed Pods Frameworks */ = {
			isa = PBXShellScriptBuildPhase;
			buildActionMask = 2147483647;
			files = (
			);
			inputFileListPaths = (
				"${PODS_ROOT}/Target Support Files/Pods-APIpractice2/Pods-APIpractice2-frameworks-${CONFIGURATION}-input-files.xcfilelist",
			);
			name = "[CP] Embed Pods Frameworks";
			outputFileListPaths = (
				"${PODS_ROOT}/Target Support Files/Pods-APIpractice2/Pods-APIpractice2-frameworks-${CONFIGURATION}-output-files.xcfilelist",
			);
			runOnlyForDeploymentPostprocessing = 0;
			shellPath = /bin/sh;
			shellScript = "\"${PODS_ROOT}/Target Support Files/Pods-APIpractice2/Pods-APIpractice2-frameworks.sh\"\n";
			showEnvVarsInLog = 0;
		};
		4CCE60F53FD3609FCC6C6445 /* [CP] Check Pods Manifest.lock */ = {
			isa = PBXShellScriptBuildPhase;
			buildActionMask = 2147483647;
			files = (
			);
			inputFileListPaths = (
			);
			inputPaths = (
				"${PODS_PODFILE_DIR_PATH}/Podfile.lock",
				"${PODS_ROOT}/Manifest.lock",
			);
			name = "[CP] Check Pods Manifest.lock";
			outputFileListPaths = (
			);
			outputPaths = (
				"$(DERIVED_FILE_DIR)/Pods-APIpractice2UITests-checkManifestLockResult.txt",
			);
			runOnlyForDeploymentPostprocessing = 0;
			shellPath = /bin/sh;
			shellScript = "diff \"${PODS_PODFILE_DIR_PATH}/Podfile.lock\" \"${PODS_ROOT}/Manifest.lock\" > /dev/null\nif [ $? != 0 ] ; then\n    # print error to STDERR\n    echo \"error: The sandbox is not in sync with the Podfile.lock. Run 'pod install' or update your CocoaPods installation.\" >&2\n    exit 1\nfi\n# This output is used by Xcode 'outputs' to avoid re-running this script phase.\necho \"SUCCESS\" > \"${SCRIPT_OUTPUT_FILE_0}\"\n";
			showEnvVarsInLog = 0;
		};
		738F05E7FE81B0E173C29700 /* [CP] Check Pods Manifest.lock */ = {
			isa = PBXShellScriptBuildPhase;
			buildActionMask = 2147483647;
			files = (
			);
			inputFileListPaths = (
			);
			inputPaths = (
				"${PODS_PODFILE_DIR_PATH}/Podfile.lock",
				"${PODS_ROOT}/Manifest.lock",
			);
			name = "[CP] Check Pods Manifest.lock";
			outputFileListPaths = (
			);
			outputPaths = (
				"$(DERIVED_FILE_DIR)/Pods-APIpractice2-checkManifestLockResult.txt",
			);
			runOnlyForDeploymentPostprocessing = 0;
			shellPath = /bin/sh;
			shellScript = "diff \"${PODS_PODFILE_DIR_PATH}/Podfile.lock\" \"${PODS_ROOT}/Manifest.lock\" > /dev/null\nif [ $? != 0 ] ; then\n    # print error to STDERR\n    echo \"error: The sandbox is not in sync with the Podfile.lock. Run 'pod install' or update your CocoaPods installation.\" >&2\n    exit 1\nfi\n# This output is used by Xcode 'outputs' to avoid re-running this script phase.\necho \"SUCCESS\" > \"${SCRIPT_OUTPUT_FILE_0}\"\n";
			showEnvVarsInLog = 0;
		};
		E644BCF0088ECF6AE94D45CC /* [CP] Check Pods Manifest.lock */ = {
			isa = PBXShellScriptBuildPhase;
			buildActionMask = 2147483647;
			files = (
			);
			inputFileListPaths = (
			);
			inputPaths = (
				"${PODS_PODFILE_DIR_PATH}/Podfile.lock",
				"${PODS_ROOT}/Manifest.lock",
			);
			name = "[CP] Check Pods Manifest.lock";
			outputFileListPaths = (
			);
			outputPaths = (
				"$(DERIVED_FILE_DIR)/Pods-APIpractice2Tests-checkManifestLockResult.txt",
			);
			runOnlyForDeploymentPostprocessing = 0;
			shellPath = /bin/sh;
			shellScript = "diff \"${PODS_PODFILE_DIR_PATH}/Podfile.lock\" \"${PODS_ROOT}/Manifest.lock\" > /dev/null\nif [ $? != 0 ] ; then\n    # print error to STDERR\n    echo \"error: The sandbox is not in sync with the Podfile.lock. Run 'pod install' or update your CocoaPods installation.\" >&2\n    exit 1\nfi\n# This output is used by Xcode 'outputs' to avoid re-running this script phase.\necho \"SUCCESS\" > \"${SCRIPT_OUTPUT_FILE_0}\"\n";
			showEnvVarsInLog = 0;
		};
/* End PBXShellScriptBuildPhase section */

/* Begin PBXSourcesBuildPhase section */
		5913447D23960E0A001F9862 /* Sources */ = {
			isa = PBXSourcesBuildPhase;
			buildActionMask = 2147483647;
			files = (
				670254CC239B5B3A00C0B0CA /* Main.swift in Sources */,
				59F34B9C2397C52C00CEAD1C /* GoogleApiCell.swift in Sources */,
				5903C47B239A65B000841106 /* GoogleData.swift in Sources */,
				59F34B9623979D2500CEAD1C /* QiitaApiCell2.swift in Sources */,
				5913448923960E0B001F9862 /* QiitaViewController.swift in Sources */,
				5903C479239A658E00841106 /* QiitaData.swift in Sources */,
				59E7F72D23AC7CC600293B93 /* GoogleViewModel.swift in Sources */,
				5903C476239A63EB00841106 /* GoogleApi.swift in Sources */,
				5903C47D239A68D800841106 /* TableViewUtil.swift in Sources */,
				591344B62396294C001F9862 /* QiitaApiCell1.swift in Sources */,
				59F34B9323975DD500CEAD1C /* QiitaArticleViewController.swift in Sources */,
				59E7F73023AC7EB400293B93 /* GoogleRepository.swift in Sources */,
				59F34B992397C4C000CEAD1C /* GoogleApiViewController.swift in Sources */,
				5903C46E239A5F0000841106 /* QiitaApi.swift in Sources */,
				5913448523960E0B001F9862 /* AppDelegate.swift in Sources */,
				59926EA023D82F39009301D2 /* FavoriteArticlesViewController.swift in Sources */,
				5913448723960E0B001F9862 /* SceneDelegate.swift in Sources */,
				59DA61B7239FAC4E0064367E /* GoogleDataSource.swift in Sources */,
			);
			runOnlyForDeploymentPostprocessing = 0;
		};
		5913449323960E0B001F9862 /* Sources */ = {
			isa = PBXSourcesBuildPhase;
			buildActionMask = 2147483647;
			files = (
				5913449C23960E0B001F9862 /* APIpractice2Tests.swift in Sources */,
			);
			runOnlyForDeploymentPostprocessing = 0;
		};
		5913449E23960E0B001F9862 /* Sources */ = {
			isa = PBXSourcesBuildPhase;
			buildActionMask = 2147483647;
			files = (
				591344A723960E0B001F9862 /* APIpractice2UITests.swift in Sources */,
			);
			runOnlyForDeploymentPostprocessing = 0;
		};
/* End PBXSourcesBuildPhase section */

/* Begin PBXTargetDependency section */
		5913449923960E0B001F9862 /* PBXTargetDependency */ = {
			isa = PBXTargetDependency;
			target = 5913448023960E0A001F9862 /* APIpractice2 */;
			targetProxy = 5913449823960E0B001F9862 /* PBXContainerItemProxy */;
		};
		591344A423960E0B001F9862 /* PBXTargetDependency */ = {
			isa = PBXTargetDependency;
			target = 5913448023960E0A001F9862 /* APIpractice2 */;
			targetProxy = 591344A323960E0B001F9862 /* PBXContainerItemProxy */;
		};
/* End PBXTargetDependency section */

/* Begin PBXVariantGroup section */
		5913448F23960E0B001F9862 /* LaunchScreen.storyboard */ = {
			isa = PBXVariantGroup;
			children = (
				5913449023960E0B001F9862 /* Base */,
			);
			name = LaunchScreen.storyboard;
			sourceTree = "<group>";
		};
/* End PBXVariantGroup section */

/* Begin XCBuildConfiguration section */
		591344A923960E0B001F9862 /* Debug */ = {
			isa = XCBuildConfiguration;
			buildSettings = {
				ALWAYS_SEARCH_USER_PATHS = NO;
				CLANG_ANALYZER_NONNULL = YES;
				CLANG_ANALYZER_NUMBER_OBJECT_CONVERSION = YES_AGGRESSIVE;
				CLANG_CXX_LANGUAGE_STANDARD = "gnu++14";
				CLANG_CXX_LIBRARY = "libc++";
				CLANG_ENABLE_MODULES = YES;
				CLANG_ENABLE_OBJC_ARC = YES;
				CLANG_ENABLE_OBJC_WEAK = YES;
				CLANG_WARN_BLOCK_CAPTURE_AUTORELEASING = YES;
				CLANG_WARN_BOOL_CONVERSION = YES;
				CLANG_WARN_COMMA = YES;
				CLANG_WARN_CONSTANT_CONVERSION = YES;
				CLANG_WARN_DEPRECATED_OBJC_IMPLEMENTATIONS = YES;
				CLANG_WARN_DIRECT_OBJC_ISA_USAGE = YES_ERROR;
				CLANG_WARN_DOCUMENTATION_COMMENTS = YES;
				CLANG_WARN_EMPTY_BODY = YES;
				CLANG_WARN_ENUM_CONVERSION = YES;
				CLANG_WARN_INFINITE_RECURSION = YES;
				CLANG_WARN_INT_CONVERSION = YES;
				CLANG_WARN_NON_LITERAL_NULL_CONVERSION = YES;
				CLANG_WARN_OBJC_IMPLICIT_RETAIN_SELF = YES;
				CLANG_WARN_OBJC_LITERAL_CONVERSION = YES;
				CLANG_WARN_OBJC_ROOT_CLASS = YES_ERROR;
				CLANG_WARN_RANGE_LOOP_ANALYSIS = YES;
				CLANG_WARN_STRICT_PROTOTYPES = YES;
				CLANG_WARN_SUSPICIOUS_MOVE = YES;
				CLANG_WARN_UNGUARDED_AVAILABILITY = YES_AGGRESSIVE;
				CLANG_WARN_UNREACHABLE_CODE = YES;
				CLANG_WARN__DUPLICATE_METHOD_MATCH = YES;
				COPY_PHASE_STRIP = NO;
				DEBUG_INFORMATION_FORMAT = dwarf;
				ENABLE_STRICT_OBJC_MSGSEND = YES;
				ENABLE_TESTABILITY = YES;
				GCC_C_LANGUAGE_STANDARD = gnu11;
				GCC_DYNAMIC_NO_PIC = NO;
				GCC_NO_COMMON_BLOCKS = YES;
				GCC_OPTIMIZATION_LEVEL = 0;
				GCC_PREPROCESSOR_DEFINITIONS = (
					"DEBUG=1",
					"$(inherited)",
				);
				GCC_WARN_64_TO_32_BIT_CONVERSION = YES;
				GCC_WARN_ABOUT_RETURN_TYPE = YES_ERROR;
				GCC_WARN_UNDECLARED_SELECTOR = YES;
				GCC_WARN_UNINITIALIZED_AUTOS = YES_AGGRESSIVE;
				GCC_WARN_UNUSED_FUNCTION = YES;
				GCC_WARN_UNUSED_VARIABLE = YES;
				IPHONEOS_DEPLOYMENT_TARGET = 13.2;
				MTL_ENABLE_DEBUG_INFO = INCLUDE_SOURCE;
				MTL_FAST_MATH = YES;
				ONLY_ACTIVE_ARCH = YES;
				SDKROOT = iphoneos;
				SWIFT_ACTIVE_COMPILATION_CONDITIONS = DEBUG;
				SWIFT_OPTIMIZATION_LEVEL = "-Onone";
			};
			name = Debug;
		};
		591344AA23960E0B001F9862 /* Release */ = {
			isa = XCBuildConfiguration;
			buildSettings = {
				ALWAYS_SEARCH_USER_PATHS = NO;
				CLANG_ANALYZER_NONNULL = YES;
				CLANG_ANALYZER_NUMBER_OBJECT_CONVERSION = YES_AGGRESSIVE;
				CLANG_CXX_LANGUAGE_STANDARD = "gnu++14";
				CLANG_CXX_LIBRARY = "libc++";
				CLANG_ENABLE_MODULES = YES;
				CLANG_ENABLE_OBJC_ARC = YES;
				CLANG_ENABLE_OBJC_WEAK = YES;
				CLANG_WARN_BLOCK_CAPTURE_AUTORELEASING = YES;
				CLANG_WARN_BOOL_CONVERSION = YES;
				CLANG_WARN_COMMA = YES;
				CLANG_WARN_CONSTANT_CONVERSION = YES;
				CLANG_WARN_DEPRECATED_OBJC_IMPLEMENTATIONS = YES;
				CLANG_WARN_DIRECT_OBJC_ISA_USAGE = YES_ERROR;
				CLANG_WARN_DOCUMENTATION_COMMENTS = YES;
				CLANG_WARN_EMPTY_BODY = YES;
				CLANG_WARN_ENUM_CONVERSION = YES;
				CLANG_WARN_INFINITE_RECURSION = YES;
				CLANG_WARN_INT_CONVERSION = YES;
				CLANG_WARN_NON_LITERAL_NULL_CONVERSION = YES;
				CLANG_WARN_OBJC_IMPLICIT_RETAIN_SELF = YES;
				CLANG_WARN_OBJC_LITERAL_CONVERSION = YES;
				CLANG_WARN_OBJC_ROOT_CLASS = YES_ERROR;
				CLANG_WARN_RANGE_LOOP_ANALYSIS = YES;
				CLANG_WARN_STRICT_PROTOTYPES = YES;
				CLANG_WARN_SUSPICIOUS_MOVE = YES;
				CLANG_WARN_UNGUARDED_AVAILABILITY = YES_AGGRESSIVE;
				CLANG_WARN_UNREACHABLE_CODE = YES;
				CLANG_WARN__DUPLICATE_METHOD_MATCH = YES;
				COPY_PHASE_STRIP = NO;
				DEBUG_INFORMATION_FORMAT = "dwarf-with-dsym";
				ENABLE_NS_ASSERTIONS = NO;
				ENABLE_STRICT_OBJC_MSGSEND = YES;
				GCC_C_LANGUAGE_STANDARD = gnu11;
				GCC_NO_COMMON_BLOCKS = YES;
				GCC_WARN_64_TO_32_BIT_CONVERSION = YES;
				GCC_WARN_ABOUT_RETURN_TYPE = YES_ERROR;
				GCC_WARN_UNDECLARED_SELECTOR = YES;
				GCC_WARN_UNINITIALIZED_AUTOS = YES_AGGRESSIVE;
				GCC_WARN_UNUSED_FUNCTION = YES;
				GCC_WARN_UNUSED_VARIABLE = YES;
				IPHONEOS_DEPLOYMENT_TARGET = 13.2;
				MTL_ENABLE_DEBUG_INFO = NO;
				MTL_FAST_MATH = YES;
				SDKROOT = iphoneos;
				SWIFT_COMPILATION_MODE = wholemodule;
				SWIFT_OPTIMIZATION_LEVEL = "-O";
				VALIDATE_PRODUCT = YES;
			};
			name = Release;
		};
		591344AC23960E0B001F9862 /* Debug */ = {
			isa = XCBuildConfiguration;
			baseConfigurationReference = 0E04FBF7FDE23F3220E88428 /* Pods-APIpractice2.debug.xcconfig */;
			buildSettings = {
				ASSETCATALOG_COMPILER_APPICON_NAME = AppIcon;
				CODE_SIGN_STYLE = Automatic;
				DEVELOPMENT_TEAM = 37MFDT4LMQ;
				INFOPLIST_FILE = APIpractice2/Info.plist;
				IPHONEOS_DEPLOYMENT_TARGET = 13.0;
				LD_RUNPATH_SEARCH_PATHS = (
					"$(inherited)",
					"@executable_path/Frameworks",
				);
				PRODUCT_BUNDLE_IDENTIFIER = com.fuksae.APIpractice2;
				PRODUCT_NAME = "$(TARGET_NAME)";
				SWIFT_VERSION = 5.0;
				TARGETED_DEVICE_FAMILY = "1,2";
			};
			name = Debug;
		};
		591344AD23960E0B001F9862 /* Release */ = {
			isa = XCBuildConfiguration;
			baseConfigurationReference = 5B3C278E45770C8D6CAB2448 /* Pods-APIpractice2.release.xcconfig */;
			buildSettings = {
				ASSETCATALOG_COMPILER_APPICON_NAME = AppIcon;
				CODE_SIGN_STYLE = Automatic;
				DEVELOPMENT_TEAM = 37MFDT4LMQ;
				INFOPLIST_FILE = APIpractice2/Info.plist;
				IPHONEOS_DEPLOYMENT_TARGET = 13.0;
				LD_RUNPATH_SEARCH_PATHS = (
					"$(inherited)",
					"@executable_path/Frameworks",
				);
				PRODUCT_BUNDLE_IDENTIFIER = com.fuksae.APIpractice2;
				PRODUCT_NAME = "$(TARGET_NAME)";
				SWIFT_VERSION = 5.0;
				TARGETED_DEVICE_FAMILY = "1,2";
			};
			name = Release;
		};
		591344AF23960E0B001F9862 /* Debug */ = {
			isa = XCBuildConfiguration;
			baseConfigurationReference = 877AE336248A912BFD1026DC /* Pods-APIpractice2Tests.debug.xcconfig */;
			buildSettings = {
				ALWAYS_EMBED_SWIFT_STANDARD_LIBRARIES = YES;
				BUNDLE_LOADER = "$(TEST_HOST)";
				CODE_SIGN_STYLE = Automatic;
				DEVELOPMENT_TEAM = G8Q84RGJJC;
				INFOPLIST_FILE = APIpractice2Tests/Info.plist;
				IPHONEOS_DEPLOYMENT_TARGET = 13.2;
				LD_RUNPATH_SEARCH_PATHS = (
					"$(inherited)",
					"@executable_path/Frameworks",
					"@loader_path/Frameworks",
				);
				PRODUCT_BUNDLE_IDENTIFIER = com.fuksae.APIpractice2Tests;
				PRODUCT_NAME = "$(TARGET_NAME)";
				SWIFT_VERSION = 5.0;
				TARGETED_DEVICE_FAMILY = "1,2";
				TEST_HOST = "$(BUILT_PRODUCTS_DIR)/APIpractice2.app/APIpractice2";
			};
			name = Debug;
		};
		591344B023960E0B001F9862 /* Release */ = {
			isa = XCBuildConfiguration;
			baseConfigurationReference = FE7226A588FCAF8776C937F2 /* Pods-APIpractice2Tests.release.xcconfig */;
			buildSettings = {
				ALWAYS_EMBED_SWIFT_STANDARD_LIBRARIES = YES;
				BUNDLE_LOADER = "$(TEST_HOST)";
				CODE_SIGN_STYLE = Automatic;
				DEVELOPMENT_TEAM = G8Q84RGJJC;
				INFOPLIST_FILE = APIpractice2Tests/Info.plist;
				IPHONEOS_DEPLOYMENT_TARGET = 13.2;
				LD_RUNPATH_SEARCH_PATHS = (
					"$(inherited)",
					"@executable_path/Frameworks",
					"@loader_path/Frameworks",
				);
				PRODUCT_BUNDLE_IDENTIFIER = com.fuksae.APIpractice2Tests;
				PRODUCT_NAME = "$(TARGET_NAME)";
				SWIFT_VERSION = 5.0;
				TARGETED_DEVICE_FAMILY = "1,2";
				TEST_HOST = "$(BUILT_PRODUCTS_DIR)/APIpractice2.app/APIpractice2";
			};
			name = Release;
		};
		591344B223960E0B001F9862 /* Debug */ = {
			isa = XCBuildConfiguration;
			baseConfigurationReference = EE1949D2821DE09FCCD501A0 /* Pods-APIpractice2UITests.debug.xcconfig */;
			buildSettings = {
				ALWAYS_EMBED_SWIFT_STANDARD_LIBRARIES = YES;
				CODE_SIGN_STYLE = Automatic;
				DEVELOPMENT_TEAM = G8Q84RGJJC;
				INFOPLIST_FILE = APIpractice2UITests/Info.plist;
				LD_RUNPATH_SEARCH_PATHS = (
					"$(inherited)",
					"@executable_path/Frameworks",
					"@loader_path/Frameworks",
				);
				PRODUCT_BUNDLE_IDENTIFIER = com.fuksae.APIpractice2UITests;
				PRODUCT_NAME = "$(TARGET_NAME)";
				SWIFT_VERSION = 5.0;
				TARGETED_DEVICE_FAMILY = "1,2";
				TEST_TARGET_NAME = APIpractice2;
			};
			name = Debug;
		};
		591344B323960E0B001F9862 /* Release */ = {
			isa = XCBuildConfiguration;
			baseConfigurationReference = E8AFE5832C84B72820B2CB62 /* Pods-APIpractice2UITests.release.xcconfig */;
			buildSettings = {
				ALWAYS_EMBED_SWIFT_STANDARD_LIBRARIES = YES;
				CODE_SIGN_STYLE = Automatic;
				DEVELOPMENT_TEAM = G8Q84RGJJC;
				INFOPLIST_FILE = APIpractice2UITests/Info.plist;
				LD_RUNPATH_SEARCH_PATHS = (
					"$(inherited)",
					"@executable_path/Frameworks",
					"@loader_path/Frameworks",
				);
				PRODUCT_BUNDLE_IDENTIFIER = com.fuksae.APIpractice2UITests;
				PRODUCT_NAME = "$(TARGET_NAME)";
				SWIFT_VERSION = 5.0;
				TARGETED_DEVICE_FAMILY = "1,2";
				TEST_TARGET_NAME = APIpractice2;
			};
			name = Release;
		};
/* End XCBuildConfiguration section */

/* Begin XCConfigurationList section */
		5913447C23960E0A001F9862 /* Build configuration list for PBXProject "APIpractice2" */ = {
			isa = XCConfigurationList;
			buildConfigurations = (
				591344A923960E0B001F9862 /* Debug */,
				591344AA23960E0B001F9862 /* Release */,
			);
			defaultConfigurationIsVisible = 0;
			defaultConfigurationName = Release;
		};
		591344AB23960E0B001F9862 /* Build configuration list for PBXNativeTarget "APIpractice2" */ = {
			isa = XCConfigurationList;
			buildConfigurations = (
				591344AC23960E0B001F9862 /* Debug */,
				591344AD23960E0B001F9862 /* Release */,
			);
			defaultConfigurationIsVisible = 0;
			defaultConfigurationName = Release;
		};
		591344AE23960E0B001F9862 /* Build configuration list for PBXNativeTarget "APIpractice2Tests" */ = {
			isa = XCConfigurationList;
			buildConfigurations = (
				591344AF23960E0B001F9862 /* Debug */,
				591344B023960E0B001F9862 /* Release */,
			);
			defaultConfigurationIsVisible = 0;
			defaultConfigurationName = Release;
		};
		591344B123960E0B001F9862 /* Build configuration list for PBXNativeTarget "APIpractice2UITests" */ = {
			isa = XCConfigurationList;
			buildConfigurations = (
				591344B223960E0B001F9862 /* Debug */,
				591344B323960E0B001F9862 /* Release */,
			);
			defaultConfigurationIsVisible = 0;
			defaultConfigurationName = Release;
		};
/* End XCConfigurationList section */
	};
	rootObject = 5913447923960E0A001F9862 /* Project object */;
}
